<?xml version="1.0" encoding="utf-8"?>
<Project ToolsVersion="4.0" xmlns="http://schemas.microsoft.com/developer/msbuild/2003">
  <ItemGroup>
    <Filter Include="utf8">
      <UniqueIdentifier>{1b278ac6-c7fb-4fa1-867a-757228c5240e}</UniqueIdentifier>
    </Filter>
    <Filter Include="utf32">
      <UniqueIdentifier>{8450205a-46be-47a3-8481-1745e2eedd98}</UniqueIdentifier>
    </Filter>
  </ItemGroup>
  <ItemGroup>
    <ClCompile Include="utf32\String.cpp">
      <Filter>utf32</Filter>
    </ClCompile>
    <ClCompile Include="utf8\Core.cpp">
      <Filter>utf8</Filter>
    </ClCompile>
    <ClCompile Include="utf8\ImmutableString.cpp">
      <Filter>utf8</Filter>
    </ClCompile>
    <ClCompile Include="utf8\String.cpp">
      <Filter>utf8</Filter>
    </ClCompile>
    <ClCompile Include="utf32\ImmutableString.cpp">
      <Filter>utf32</Filter>
    </ClCompile>
    <ClCompile Include="utf32\Core.cpp">
      <Filter>utf32</Filter>
    </ClCompile>
  </ItemGroup>
  <ItemGroup>
    <ClInclude Include="utf32\String.hpp">
      <Filter>utf32</Filter>
    </ClInclude>
    <ClInclude Include="utf8\Core.hpp">
      <Filter>utf8</Filter>
    </ClInclude>
    <ClInclude Include="utf8\ImmutableString.hpp">
      <Filter>utf8</Filter>
    </ClInclude>
    <ClInclude Include="utf8\String.hpp">
      <Filter>utf8</Filter>
    </ClInclude>
    <ClInclude Include="InvalidEncoding.hpp" />
    <ClInclude Include="Unicode.hpp" />
    <ClInclude Include="utf32\ImmutableString.hpp">
      <Filter>utf32</Filter>
    </ClInclude>
    <ClInclude Include="utf32\Core.hpp">
      <Filter>utf32</Filter>
    </ClInclude>
  </ItemGroup>
</Project>